// !$*UTF8*$!
{
	archiveVersion = 1;
	classes = {
	};
	objectVersion = 56;
	objects = {

/* Begin PBXBuildFile section */
		FD6B62032B3A4573008C5E9A /* idktestApp.swift in Sources */ = {isa = PBXBuildFile; fileRef = FD6B62022B3A4573008C5E9A /* idktestApp.swift */; };
		FD6B62052B3A4573008C5E9A /* ContentView.swift in Sources */ = {isa = PBXBuildFile; fileRef = FD6B62042B3A4573008C5E9A /* ContentView.swift */; };
		FD6B62072B3A4575008C5E9A /* Assets.xcassets in Resources */ = {isa = PBXBuildFile; fileRef = FD6B62062B3A4575008C5E9A /* Assets.xcassets */; };
		FD6B620A2B3A4575008C5E9A /* Preview Assets.xcassets in Resources */ = {isa = PBXBuildFile; fileRef = FD6B62092B3A4575008C5E9A /* Preview Assets.xcassets */; };
		FD6B62142B3A4575008C5E9A /* idktestTests.swift in Sources */ = {isa = PBXBuildFile; fileRef = FD6B62132B3A4575008C5E9A /* idktestTests.swift */; };
		FD6B621E2B3A4575008C5E9A /* idktestUITests.swift in Sources */ = {isa = PBXBuildFile; fileRef = FD6B621D2B3A4575008C5E9A /* idktestUITests.swift */; };
		FD6B62202B3A4575008C5E9A /* idktestUITestsLaunchTests.swift in Sources */ = {isa = PBXBuildFile; fileRef = FD6B621F2B3A4575008C5E9A /* idktestUITestsLaunchTests.swift */; };
/* End PBXBuildFile section */

/* Begin PBXContainerItemProxy section */
		FD6B62102B3A4575008C5E9A /* PBXContainerItemProxy */ = {
			isa = PBXContainerItemProxy;
			containerPortal = FD6B61F72B3A4573008C5E9A /* Project object */;
			proxyType = 1;
			remoteGlobalIDString = FD6B61FE2B3A4573008C5E9A;
			remoteInfo = idktest;
		};
		FD6B621A2B3A4575008C5E9A /* PBXContainerItemProxy */ = {
			isa = PBXContainerItemProxy;
			containerPortal = FD6B61F72B3A4573008C5E9A /* Project object */;
			proxyType = 1;
			remoteGlobalIDString = FD6B61FE2B3A4573008C5E9A;
			remoteInfo = idktest;
		};
/* End PBXContainerItemProxy section */

/* Begin PBXFileReference section */
		FD6B61FF2B3A4573008C5E9A /* idktest.app */ = {isa = PBXFileReference; explicitFileType = wrapper.application; includeInIndex = 0; path = idktest.app; sourceTree = BUILT_PRODUCTS_DIR; };
		FD6B62022B3A4573008C5E9A /* idktestApp.swift */ = {isa = PBXFileReference; lastKnownFileType = sourcecode.swift; path = idktestApp.swift; sourceTree = "<group>"; };
		FD6B62042B3A4573008C5E9A /* ContentView.swift */ = {isa = PBXFileReference; lastKnownFileType = sourcecode.swift; path = ContentView.swift; sourceTree = "<group>"; };
		FD6B62062B3A4575008C5E9A /* Assets.xcassets */ = {isa = PBXFileReference; lastKnownFileType = folder.assetcatalog; path = Assets.xcassets; sourceTree = "<group>"; };
		FD6B62092B3A4575008C5E9A /* Preview Assets.xcassets */ = {isa = PBXFileReference; lastKnownFileType = folder.assetcatalog; path = "Preview Assets.xcassets"; sourceTree = "<group>"; };
		FD6B620F2B3A4575008C5E9A /* idktestTests.xctest */ = {isa = PBXFileReference; explicitFileType = wrapper.cfbundle; includeInIndex = 0; path = idktestTests.xctest; sourceTree = BUILT_PRODUCTS_DIR; };
		FD6B62132B3A4575008C5E9A /* idktestTests.swift */ = {isa = PBXFileReference; lastKnownFileType = sourcecode.swift; path = idktestTests.swift; sourceTree = "<group>"; };
		FD6B62192B3A4575008C5E9A /* idktestUITests.xctest */ = {isa = PBXFileReference; explicitFileType = wrapper.cfbundle; includeInIndex = 0; path = idktestUITests.xctest; sourceTree = BUILT_PRODUCTS_DIR; };
		FD6B621D2B3A4575008C5E9A /* idktestUITests.swift */ = {isa = PBXFileReference; lastKnownFileType = sourcecode.swift; path = idktestUITests.swift; sourceTree = "<group>"; };
		FD6B621F2B3A4575008C5E9A /* idktestUITestsLaunchTests.swift */ = {isa = PBXFileReference; lastKnownFileType = sourcecode.swift; path = idktestUITestsLaunchTests.swift; sourceTree = "<group>"; };
/* End PBXFileReference section */

/* Begin PBXFrameworksBuildPhase section */
		FD6B61FC2B3A4573008C5E9A /* Frameworks */ = {
			isa = PBXFrameworksBuildPhase;
			buildActionMask = 2147483647;
			files = (
			);
			runOnlyForDeploymentPostprocessing = 0;
		};
		FD6B620C2B3A4575008C5E9A /* Frameworks */ = {
			isa = PBXFrameworksBuildPhase;
			buildActionMask = 2147483647;
			files = (
			);
			runOnlyForDeploymentPostprocessing = 0;
		};
		FD6B62162B3A4575008C5E9A /* Frameworks */ = {
			isa = PBXFrameworksBuildPhase;
			buildActionMask = 2147483647;
			files = (
			);
			runOnlyForDeploymentPostprocessing = 0;
		};
/* End PBXFrameworksBuildPhase section */

/* Begin PBXGroup section */
		FD6B61F62B3A4573008C5E9A = {
			isa = PBXGroup;
			children = (
				FD6B62012B3A4573008C5E9A /* idktest */,
				FD6B62122B3A4575008C5E9A /* idktestTests */,
				FD6B621C2B3A4575008C5E9A /* idktestUITests */,
				FD6B62002B3A4573008C5E9A /* Products */,
			);
			sourceTree = "<group>";
		};
		FD6B62002B3A4573008C5E9A /* Products */ = {
			isa = PBXGroup;
			children = (
				FD6B61FF2B3A4573008C5E9A /* idktest.app */,
				FD6B620F2B3A4575008C5E9A /* idktestTests.xctest */,
				FD6B62192B3A4575008C5E9A /* idktestUITests.xctest */,
			);
			name = Products;
			sourceTree = "<group>";
		};
		FD6B62012B3A4573008C5E9A /* idktest */ = {
			isa = PBXGroup;
			children = (
				FD6B62022B3A4573008C5E9A /* idktestApp.swift */,
				FD6B62042B3A4573008C5E9A /* ContentView.swift */,
				FD6B62062B3A4575008C5E9A /* Assets.xcassets */,
				FD6B62082B3A4575008C5E9A /* Preview Content */,
			);
			path = idktest;
			sourceTree = "<group>";
		};
		FD6B62082B3A4575008C5E9A /* Preview Content */ = {
			isa = PBXGroup;
			children = (
				FD6B62092B3A4575008C5E9A /* Preview Assets.xcassets */,
			);
			path = "Preview Content";
			sourceTree = "<group>";
		};
		FD6B62122B3A4575008C5E9A /* idktestTests */ = {
			isa = PBXGroup;
			children = (
				FD6B62132B3A4575008C5E9A /* idktestTests.swift */,
			);
			path = idktestTests;
			sourceTree = "<group>";
		};
		FD6B621C2B3A4575008C5E9A /* idktestUITests */ = {
			isa = PBXGroup;
			children = (
				FD6B621D2B3A4575008C5E9A /* idktestUITests.swift */,
				FD6B621F2B3A4575008C5E9A /* idktestUITestsLaunchTests.swift */,
			);
			path = idktestUITests;
			sourceTree = "<group>";
		};
/* End PBXGroup section */

/* Begin PBXNativeTarget section */
		FD6B61FE2B3A4573008C5E9A /* idktest */ = {
			isa = PBXNativeTarget;
			buildConfigurationList = FD6B62232B3A4575008C5E9A /* Build configuration list for PBXNativeTarget "idktest" */;
			buildPhases = (
				FD6B61FB2B3A4573008C5E9A /* Sources */,
				FD6B61FC2B3A4573008C5E9A /* Frameworks */,
				FD6B61FD2B3A4573008C5E9A /* Resources */,
			);
			buildRules = (
			);
			dependencies = (
			);
			name = idktest;
			productName = idktest;
			productReference = FD6B61FF2B3A4573008C5E9A /* idktest.app */;
			productType = "com.apple.product-type.application";
		};
		FD6B620E2B3A4575008C5E9A /* idktestTests */ = {
			isa = PBXNativeTarget;
			buildConfigurationList = FD6B62262B3A4575008C5E9A /* Build configuration list for PBXNativeTarget "idktestTests" */;
			buildPhases = (
				FD6B620B2B3A4575008C5E9A /* Sources */,
				FD6B620C2B3A4575008C5E9A /* Frameworks */,
				FD6B620D2B3A4575008C5E9A /* Resources */,
			);
			buildRules = (
			);
			dependencies = (
				FD6B62112B3A4575008C5E9A /* PBXTargetDependency */,
			);
			name = idktestTests;
			productName = idktestTests;
			productReference = FD6B620F2B3A4575008C5E9A /* idktestTests.xctest */;
			productType = "com.apple.product-type.bundle.unit-test";
		};
		FD6B62182B3A4575008C5E9A /* idktestUITests */ = {
			isa = PBXNativeTarget;
			buildConfigurationList = FD6B62292B3A4575008C5E9A /* Build configuration list for PBXNativeTarget "idktestUITests" */;
			buildPhases = (
				FD6B62152B3A4575008C5E9A /* Sources */,
				FD6B62162B3A4575008C5E9A /* Frameworks */,
				FD6B62172B3A4575008C5E9A /* Resources */,
			);
			buildRules = (
			);
			dependencies = (
				FD6B621B2B3A4575008C5E9A /* PBXTargetDependency */,
			);
			name = idktestUITests;
			productName = idktestUITests;
			productReference = FD6B62192B3A4575008C5E9A /* idktestUITests.xctest */;
			productType = "com.apple.product-type.bundle.ui-testing";
		};
/* End PBXNativeTarget section */

/* Begin PBXProject section */
		FD6B61F72B3A4573008C5E9A /* Project object */ = {
			isa = PBXProject;
			attributes = {
				BuildIndependentTargetsInParallel = 1;
				LastSwiftUpdateCheck = 1510;
				LastUpgradeCheck = 1510;
				TargetAttributes = {
					FD6B61FE2B3A4573008C5E9A = {
						CreatedOnToolsVersion = 15.1;
					};
					FD6B620E2B3A4575008C5E9A = {
						CreatedOnToolsVersion = 15.1;
						TestTargetID = FD6B61FE2B3A4573008C5E9A;
					};
					FD6B62182B3A4575008C5E9A = {
						CreatedOnToolsVersion = 15.1;
						TestTargetID = FD6B61FE2B3A4573008C5E9A;
					};
				};
			};
			buildConfigurationList = FD6B61FA2B3A4573008C5E9A /* Build configuration list for PBXProject "idktest" */;
			compatibilityVersion = "Xcode 14.0";
			developmentRegion = en;
			hasScannedForEncodings = 0;
			knownRegions = (
				en,
				Base,
			);
			mainGroup = FD6B61F62B3A4573008C5E9A;
			productRefGroup = FD6B62002B3A4573008C5E9A /* Products */;
			projectDirPath = "";
			projectRoot = "";
			targets = (
				FD6B61FE2B3A4573008C5E9A /* idktest */,
				FD6B620E2B3A4575008C5E9A /* idktestTests */,
				FD6B62182B3A4575008C5E9A /* idktestUITests */,
			);
		};
/* End PBXProject section */

/* Begin PBXResourcesBuildPhase section */
		FD6B61FD2B3A4573008C5E9A /* Resources */ = {
			isa = PBXResourcesBuildPhase;
			buildActionMask = 2147483647;
			files = (
				FD6B620A2B3A4575008C5E9A /* Preview Assets.xcassets in Resources */,
				FD6B62072B3A4575008C5E9A /* Assets.xcassets in Resources */,
			);
			runOnlyForDeploymentPostprocessing = 0;
		};
		FD6B620D2B3A4575008C5E9A /* Resources */ = {
			isa = PBXResourcesBuildPhase;
			buildActionMask = 2147483647;
			files = (
			);
			runOnlyForDeploymentPostprocessing = 0;
		};
		FD6B62172B3A4575008C5E9A /* Resources */ = {
			isa = PBXResourcesBuildPhase;
			buildActionMask = 2147483647;
			files = (
			);
			runOnlyForDeploymentPostprocessing = 0;
		};
/* End PBXResourcesBuildPhase section */

/* Begin PBXSourcesBuildPhase section */
		FD6B61FB2B3A4573008C5E9A /* Sources */ = {
			isa = PBXSourcesBuildPhase;
			buildActionMask = 2147483647;
			files = (
				FD6B62052B3A4573008C5E9A /* ContentView.swift in Sources */,
				FD6B62032B3A4573008C5E9A /* idktestApp.swift in Sources */,
			);
			runOnlyForDeploymentPostprocessing = 0;
		};
		FD6B620B2B3A4575008C5E9A /* Sources */ = {
			isa = PBXSourcesBuildPhase;
			buildActionMask = 2147483647;
			files = (
				FD6B62142B3A4575008C5E9A /* idktestTests.swift in Sources */,
			);
			runOnlyForDeploymentPostprocessing = 0;
		};
		FD6B62152B3A4575008C5E9A /* Sources */ = {
			isa = PBXSourcesBuildPhase;
			buildActionMask = 2147483647;
			files = (
				FD6B621E2B3A4575008C5E9A /* idktestUITests.swift in Sources */,
				FD6B62202B3A4575008C5E9A /* idktestUITestsLaunchTests.swift in Sources */,
			);
			runOnlyForDeploymentPostprocessing = 0;
		};
/* End PBXSourcesBuildPhase section */

/* Begin PBXTargetDependency section */
		FD6B62112B3A4575008C5E9A /* PBXTargetDependency */ = {
			isa = PBXTargetDependency;
			target = FD6B61FE2B3A4573008C5E9A /* idktest */;
			targetProxy = FD6B62102B3A4575008C5E9A /* PBXContainerItemProxy */;
		};
		FD6B621B2B3A4575008C5E9A /* PBXTargetDependency */ = {
			isa = PBXTargetDependency;
			target = FD6B61FE2B3A4573008C5E9A /* idktest */;
			targetProxy = FD6B621A2B3A4575008C5E9A /* PBXContainerItemProxy */;
		};
/* End PBXTargetDependency section */

/* Begin XCBuildConfiguration section */
		FD6B62212B3A4575008C5E9A /* Debug */ = {
			isa = XCBuildConfiguration;
			buildSettings = {
				ALWAYS_SEARCH_USER_PATHS = NO;
				ASSETCATALOG_COMPILER_GENERATE_SWIFT_ASSET_SYMBOL_EXTENSIONS = YES;
				CLANG_ANALYZER_NONNULL = YES;
				CLANG_ANALYZER_NUMBER_OBJECT_CONVERSION = YES_AGGRESSIVE;
				CLANG_CXX_LANGUAGE_STANDARD = "gnu++20";
				CLANG_ENABLE_MODULES = YES;
				CLANG_ENABLE_OBJC_ARC = YES;
				CLANG_ENABLE_OBJC_WEAK = YES;
				CLANG_WARN_BLOCK_CAPTURE_AUTORELEASING = YES;
				CLANG_WARN_BOOL_CONVERSION = YES;
				CLANG_WARN_COMMA = YES;
				CLANG_WARN_CONSTANT_CONVERSION = YES;
				CLANG_WARN_DEPRECATED_OBJC_IMPLEMENTATIONS = YES;
				CLANG_WARN_DIRECT_OBJC_ISA_USAGE = YES_ERROR;
				CLANG_WARN_DOCUMENTATION_COMMENTS = YES;
				CLANG_WARN_EMPTY_BODY = YES;
				CLANG_WARN_ENUM_CONVERSION = YES;
				CLANG_WARN_INFINITE_RECURSION = YES;
				CLANG_WARN_INT_CONVERSION = YES;
				CLANG_WARN_NON_LITERAL_NULL_CONVERSION = YES;
				CLANG_WARN_OBJC_IMPLICIT_RETAIN_SELF = YES;
				CLANG_WARN_OBJC_LITERAL_CONVERSION = YES;
				CLANG_WARN_OBJC_ROOT_CLASS = YES_ERROR;
				CLANG_WARN_QUOTED_INCLUDE_IN_FRAMEWORK_HEADER = YES;
				CLANG_WARN_RANGE_LOOP_ANALYSIS = YES;
				CLANG_WARN_STRICT_PROTOTYPES = YES;
				CLANG_WARN_SUSPICIOUS_MOVE = YES;
				CLANG_WARN_UNGUARDED_AVAILABILITY = YES_AGGRESSIVE;
				CLANG_WARN_UNREACHABLE_CODE = YES;
				CLANG_WARN__DUPLICATE_METHOD_MATCH = YES;
				COPY_PHASE_STRIP = NO;
				DEBUG_INFORMATION_FORMAT = dwarf;
				ENABLE_STRICT_OBJC_MSGSEND = YES;
				ENABLE_TESTABILITY = YES;
				ENABLE_USER_SCRIPT_SANDBOXING = YES;
				GCC_C_LANGUAGE_STANDARD = gnu17;
				GCC_DYNAMIC_NO_PIC = NO;
				GCC_NO_COMMON_BLOCKS = YES;
				GCC_OPTIMIZATION_LEVEL = 0;
				GCC_PREPROCESSOR_DEFINITIONS = (
					"DEBUG=1",
					"$(inherited)",
				);
				GCC_WARN_64_TO_32_BIT_CONVERSION = YES;
				GCC_WARN_ABOUT_RETURN_TYPE = YES_ERROR;
				GCC_WARN_UNDECLARED_SELECTOR = YES;
				GCC_WARN_UNINITIALIZED_AUTOS = YES_AGGRESSIVE;
				GCC_WARN_UNUSED_FUNCTION = YES;
				GCC_WARN_UNUSED_VARIABLE = YES;
				IPHONEOS_DEPLOYMENT_TARGET = 17.2;
				LOCALIZATION_PREFERS_STRING_CATALOGS = YES;
				MTL_ENABLE_DEBUG_INFO = INCLUDE_SOURCE;
				MTL_FAST_MATH = YES;
				ONLY_ACTIVE_ARCH = YES;
				SDKROOT = iphoneos;
				SWIFT_ACTIVE_COMPILATION_CONDITIONS = "DEBUG $(inherited)";
				SWIFT_OPTIMIZATION_LEVEL = "-Onone";
			};
			name = Debug;
		};
		FD6B62222B3A4575008C5E9A /* Release */ = {
			isa = XCBuildConfiguration;
			buildSettings = {
				ALWAYS_SEARCH_USER_PATHS = NO;
				ASSETCATALOG_COMPILER_GENERATE_SWIFT_ASSET_SYMBOL_EXTENSIONS = YES;
				CLANG_ANALYZER_NONNULL = YES;
				CLANG_ANALYZER_NUMBER_OBJECT_CONVERSION = YES_AGGRESSIVE;
				CLANG_CXX_LANGUAGE_STANDARD = "gnu++20";
				CLANG_ENABLE_MODULES = YES;
				CLANG_ENABLE_OBJC_ARC = YES;
				CLANG_ENABLE_OBJC_WEAK = YES;
				CLANG_WARN_BLOCK_CAPTURE_AUTORELEASING = YES;
				CLANG_WARN_BOOL_CONVERSION = YES;
				CLANG_WARN_COMMA = YES;
				CLANG_WARN_CONSTANT_CONVERSION = YES;
				CLANG_WARN_DEPRECATED_OBJC_IMPLEMENTATIONS = YES;
				CLANG_WARN_DIRECT_OBJC_ISA_USAGE = YES_ERROR;
				CLANG_WARN_DOCUMENTATION_COMMENTS = YES;
				CLANG_WARN_EMPTY_BODY = YES;
				CLANG_WARN_ENUM_CONVERSION = YES;
				CLANG_WARN_INFINITE_RECURSION = YES;
				CLANG_WARN_INT_CONVERSION = YES;
				CLANG_WARN_NON_LITERAL_NULL_CONVERSION = YES;
				CLANG_WARN_OBJC_IMPLICIT_RETAIN_SELF = YES;
				CLANG_WARN_OBJC_LITERAL_CONVERSION = YES;
				CLANG_WARN_OBJC_ROOT_CLASS = YES_ERROR;
				CLANG_WARN_QUOTED_INCLUDE_IN_FRAMEWORK_HEADER = YES;
				CLANG_WARN_RANGE_LOOP_ANALYSIS = YES;
				CLANG_WARN_STRICT_PROTOTYPES = YES;
				CLANG_WARN_SUSPICIOUS_MOVE = YES;
				CLANG_WARN_UNGUARDED_AVAILABILITY = YES_AGGRESSIVE;
				CLANG_WARN_UNREACHABLE_CODE = YES;
				CLANG_WARN__DUPLICATE_METHOD_MATCH = YES;
				COPY_PHASE_STRIP = NO;
				DEBUG_INFORMATION_FORMAT = "dwarf-with-dsym";
				ENABLE_NS_ASSERTIONS = NO;
				ENABLE_STRICT_OBJC_MSGSEND = YES;
				ENABLE_USER_SCRIPT_SANDBOXING = YES;
				GCC_C_LANGUAGE_STANDARD = gnu17;
				GCC_NO_COMMON_BLOCKS = YES;
				GCC_WARN_64_TO_32_BIT_CONVERSION = YES;
				GCC_WARN_ABOUT_RETURN_TYPE = YES_ERROR;
				GCC_WARN_UNDECLARED_SELECTOR = YES;
				GCC_WARN_UNINITIALIZED_AUTOS = YES_AGGRESSIVE;
				GCC_WARN_UNUSED_FUNCTION = YES;
				GCC_WARN_UNUSED_VARIABLE = YES;
				IPHONEOS_DEPLOYMENT_TARGET = 17.2;
				LOCALIZATION_PREFERS_STRING_CATALOGS = YES;
				MTL_ENABLE_DEBUG_INFO = NO;
				MTL_FAST_MATH = YES;
				SDKROOT = iphoneos;
				SWIFT_COMPILATION_MODE = wholemodule;
				VALIDATE_PRODUCT = YES;
			};
			name = Release;
		};
		FD6B62242B3A4575008C5E9A /* Debug */ = {
			isa = XCBuildConfiguration;
			buildSettings = {
				ASSETCATALOG_COMPILER_APPICON_NAME = AppIcon;
				ASSETCATALOG_COMPILER_GLOBAL_ACCENT_COLOR_NAME = AccentColor;
				CODE_SIGN_STYLE = Automatic;
				CURRENT_PROJECT_VERSION = 1;
				DEVELOPMENT_ASSET_PATHS = "\"idktest/Preview Content\"";
				DEVELOPMENT_TEAM = 4S44M284ZC;
				ENABLE_PREVIEWS = YES;
				GENERATE_INFOPLIST_FILE = YES;
				INFOPLIST_KEY_UIApplicationSceneManifest_Generation = YES;
				INFOPLIST_KEY_UIApplicationSupportsIndirectInputEvents = YES;
				INFOPLIST_KEY_UILaunchScreen_Generation = YES;
				INFOPLIST_KEY_UISupportedInterfaceOrientations_iPad = "UIInterfaceOrientationPortrait UIInterfaceOrientationPortraitUpsideDown UIInterfaceOrientationLandscapeLeft UIInterfaceOrientationLandscapeRight";
				INFOPLIST_KEY_UISupportedInterfaceOrientations_iPhone = "UIInterfaceOrientationPortrait UIInterfaceOrientationLandscapeLeft UIInterfaceOrientationLandscapeRight";
				LD_RUNPATH_SEARCH_PATHS = (
					"$(inherited)",
					"@executable_path/Frameworks",
				);
				MARKETING_VERSION = 1.0;
				PRODUCT_BUNDLE_IDENTIFIER = com.canobal.idktest;
				PRODUCT_NAME = "$(TARGET_NAME)";
				SWIFT_EMIT_LOC_STRINGS = YES;
				SWIFT_VERSION = 5.0;
				TARGETED_DEVICE_FAMILY = "1,2";
			};
			name = Debug;
		};
		FD6B62252B3A4575008C5E9A /* Release */ = {
			isa = XCBuildConfiguration;
			buildSettings = {
				ASSETCATALOG_COMPILER_APPICON_NAME = AppIcon;
				ASSETCATALOG_COMPILER_GLOBAL_ACCENT_COLOR_NAME = AccentColor;
				CODE_SIGN_STYLE = Automatic;
				CURRENT_PROJECT_VERSION = 1;
				DEVELOPMENT_ASSET_PATHS = "\"idktest/Preview Content\"";
				DEVELOPMENT_TEAM = 4S44M284ZC;
				ENABLE_PREVIEWS = YES;
				GENERATE_INFOPLIST_FILE = YES;
				INFOPLIST_KEY_UIApplicationSceneManifest_Generation = YES;
				INFOPLIST_KEY_UIApplicationSupportsIndirectInputEvents = YES;
				INFOPLIST_KEY_UILaunchScreen_Generation = YES;
				INFOPLIST_KEY_UISupportedInterfaceOrientations_iPad = "UIInterfaceOrientationPortrait UIInterfaceOrientationPortraitUpsideDown UIInterfaceOrientationLandscapeLeft UIInterfaceOrientationLandscapeRight";
				INFOPLIST_KEY_UISupportedInterfaceOrientations_iPhone = "UIInterfaceOrientationPortrait UIInterfaceOrientationLandscapeLeft UIInterfaceOrientationLandscapeRight";
				LD_RUNPATH_SEARCH_PATHS = (
					"$(inherited)",
					"@executable_path/Frameworks",
				);
				MARKETING_VERSION = 1.0;
				PRODUCT_BUNDLE_IDENTIFIER = com.canobal.idktest;
				PRODUCT_NAME = "$(TARGET_NAME)";
				SWIFT_EMIT_LOC_STRINGS = YES;
				SWIFT_VERSION = 5.0;
				TARGETED_DEVICE_FAMILY = "1,2";
			};
			name = Release;
		};
		FD6B62272B3A4575008C5E9A /* Debug */ = {
			isa = XCBuildConfiguration;
			buildSettings = {
				ALWAYS_EMBED_SWIFT_STANDARD_LIBRARIES = YES;
				BUNDLE_LOADER = "$(TEST_HOST)";
				CODE_SIGN_STYLE = Automatic;
				CURRENT_PROJECT_VERSION = 1;
				DEVELOPMENT_TEAM = 4S44M284ZC;
				GENERATE_INFOPLIST_FILE = YES;
				IPHONEOS_DEPLOYMENT_TARGET = 17.2;
				MARKETING_VERSION = 1.0;
				PRODUCT_BUNDLE_IDENTIFIER = com.canobal.idktestTests;
				PRODUCT_NAME = "$(TARGET_NAME)";
				SWIFT_EMIT_LOC_STRINGS = NO;
				SWIFT_VERSION = 5.0;
				TARGETED_DEVICE_FAMILY = "1,2";
				TEST_HOST = "$(BUILT_PRODUCTS_DIR)/idktest.app/$(BUNDLE_EXECUTABLE_FOLDER_PATH)/idktest";
			};
			name = Debug;
		};
		FD6B62282B3A4575008C5E9A /* Release */ = {
			isa = XCBuildConfiguration;
			buildSettings = {
				ALWAYS_EMBED_SWIFT_STANDARD_LIBRARIES = YES;
				BUNDLE_LOADER = "$(TEST_HOST)";
				CODE_SIGN_STYLE = Automatic;
				CURRENT_PROJECT_VERSION = 1;
				DEVELOPMENT_TEAM = 4S44M284ZC;
				GENERATE_INFOPLIST_FILE = YES;
				IPHONEOS_DEPLOYMENT_TARGET = 17.2;
				MARKETING_VERSION = 1.0;
				PRODUCT_BUNDLE_IDENTIFIER = com.canobal.idktestTests;
				PRODUCT_NAME = "$(TARGET_NAME)";
				SWIFT_EMIT_LOC_STRINGS = NO;
				SWIFT_VERSION = 5.0;
				TARGETED_DEVICE_FAMILY = "1,2";
				TEST_HOST = "$(BUILT_PRODUCTS_DIR)/idktest.app/$(BUNDLE_EXECUTABLE_FOLDER_PATH)/idktest";
			};
			name = Release;
		};
		FD6B622A2B3A4575008C5E9A /* Debug */ = {
			isa = XCBuildConfiguration;
			buildSettings = {
				ALWAYS_EMBED_SWIFT_STANDARD_LIBRARIES = YES;
				CODE_SIGN_STYLE = Automatic;
				CURRENT_PROJECT_VERSION = 1;
				DEVELOPMENT_TEAM = 4S44M284ZC;
				GENERATE_INFOPLIST_FILE = YES;
				MARKETING_VERSION = 1.0;
				PRODUCT_BUNDLE_IDENTIFIER = com.canobal.idktestUITests;
				PRODUCT_NAME = "$(TARGET_NAME)";
				SWIFT_EMIT_LOC_STRINGS = NO;
				SWIFT_VERSION = 5.0;
				TARGETED_DEVICE_FAMILY = "1,2";
				TEST_TARGET_NAME = idktest;
			};
			name = Debug;
		};
		FD6B622B2B3A4575008C5E9A /* Release */ = {
			isa = XCBuildConfiguration;
			buildSettings = {
				ALWAYS_EMBED_SWIFT_STANDARD_LIBRARIES = YES;
				CODE_SIGN_STYLE = Automatic;
				CURRENT_PROJECT_VERSION = 1;
				DEVELOPMENT_TEAM = 4S44M284ZC;
				GENERATE_INFOPLIST_FILE = YES;
				MARKETING_VERSION = 1.0;
				PRODUCT_BUNDLE_IDENTIFIER = com.canobal.idktestUITests;
				PRODUCT_NAME = "$(TARGET_NAME)";
				SWIFT_EMIT_LOC_STRINGS = NO;
				SWIFT_VERSION = 5.0;
				TARGETED_DEVICE_FAMILY = "1,2";
				TEST_TARGET_NAME = idktest;
			};
			name = Release;
		};
/* End XCBuildConfiguration section */

/* Begin XCConfigurationList section */
		FD6B61FA2B3A4573008C5E9A /* Build configuration list for PBXProject "idktest" */ = {
			isa = XCConfigurationList;
			buildConfigurations = (
				FD6B62212B3A4575008C5E9A /* Debug */,
				FD6B62222B3A4575008C5E9A /* Release */,
			);
			defaultConfigurationIsVisible = 0;
			defaultConfigurationName = Release;
		};
		FD6B62232B3A4575008C5E9A /* Build configuration list for PBXNativeTarget "idktest" */ = {
			isa = XCConfigurationList;
			buildConfigurations = (
				FD6B62242B3A4575008C5E9A /* Debug */,
				FD6B62252B3A4575008C5E9A /* Release */,
			);
			defaultConfigurationIsVisible = 0;
			defaultConfigurationName = Release;
		};
		FD6B62262B3A4575008C5E9A /* Build configuration list for PBXNativeTarget "idktestTests" */ = {
			isa = XCConfigurationList;
			buildConfigurations = (
				FD6B62272B3A4575008C5E9A /* Debug */,
				FD6B62282B3A4575008C5E9A /* Release */,
			);
			defaultConfigurationIsVisible = 0;
			defaultConfigurationName = Release;
		};
		FD6B62292B3A4575008C5E9A /* Build configuration list for PBXNativeTarget "idktestUITests" */ = {
			isa = XCConfigurationList;
			buildConfigurations = (
				FD6B622A2B3A4575008C5E9A /* Debug */,
				FD6B622B2B3A4575008C5E9A /* Release */,
			);
			defaultConfigurationIsVisible = 0;
			defaultConfigurationName = Release;
		};
/* End XCConfigurationList section */
	};
	rootObject = FD6B61F72B3A4573008C5E9A /* Project object */;
}
